
Microsoft Visual Studio Solution File, Format Version 12.00
# Visual Studio Version 17
VisualStudioVersion = 17.5.33627.172
MinimumVisualStudioVersion = 10.0.40219.1
Project("{9A19103F-16F7-4668-BE54-9A1E7A4F7556}") = "ChainOfResponsibility", "ChainOfResponsibility\ChainOfResponsibility.csproj", "{5AE6B604-5B35-4749-A2C9-0932D900A18C}"
EndProject
Project("{FAE04EC0-301F-11D3-BF4B-00C04F79EFBC}") = "CQRS", "CQRS\CQRS.csproj", "{CAA25F5A-583C-4B32-BFA4-C2AA4D63857B}"
EndProject
Global
	GlobalSection(SolutionConfigurationPlatforms) = preSolution
		Debug|Any CPU = Debug|Any CPU
		Release|Any CPU = Release|Any CPU
	EndGlobalSection
	GlobalSection(ProjectConfigurationPlatforms) = postSolution
		{5AE6B604-5B35-4749-A2C9-0932D900A18C}.Debug|Any CPU.ActiveCfg = Debug|Any CPU
		{5AE6B604-5B35-4749-A2C9-0932D900A18C}.Debug|Any CPU.Build.0 = Debug|Any CPU
		{5AE6B604-5B35-4749-A2C9-0932D900A18C}.Release|Any CPU.ActiveCfg = Release|Any CPU
		{5AE6B604-5B35-4749-A2C9-0932D900A18C}.Release|Any CPU.Build.0 = Release|Any CPU
		{CAA25F5A-583C-4B32-BFA4-C2AA4D63857B}.Debug|Any CPU.ActiveCfg = Debug|Any CPU
		{CAA25F5A-583C-4B32-BFA4-C2AA4D63857B}.Debug|Any CPU.Build.0 = Debug|Any CPU
		{CAA25F5A-583C-4B32-BFA4-C2AA4D63857B}.Release|Any CPU.ActiveCfg = Release|Any CPU
		{CAA25F5A-583C-4B32-BFA4-C2AA4D63857B}.Release|Any CPU.Build.0 = Release|Any CPU
	EndGlobalSection
	GlobalSection(SolutionProperties) = preSolution
		HideSolutionNode = FALSE
	EndGlobalSection
	GlobalSection(ExtensibilityGlobals) = postSolution
		SolutionGuid = {EEB4B323-8A87-4579-BEC8-F3A393A451A8}
	EndGlobalSection
EndGlobal
